
Microsoft Visual Studio Solution File, Format Version 12.00
# Visual Studio Version 17
VisualStudioVersion = 17.5.002.0
MinimumVisualStudioVersion = 10.0.40219.1
Project("{9A19103F-16F7-4668-BE54-9A1E7A4F7556}") = "elecTorn-Hub", "elecTorn-Hub.csproj", "{A0A0523F-C90A-4FBA-9520-40F991FBDE2B}"
EndProject
Global
	GlobalSection(SolutionConfigurationPlatforms) = preSolution
		Debug|Any CPU = Debug|Any CPU
		Release|Any CPU = Release|Any CPU
	EndGlobalSection
	GlobalSection(ProjectConfigurationPlatforms) = postSolution
		{A0A0523F-C90A-4FBA-9520-40F991FBDE2B}.Debug|Any CPU.ActiveCfg = Debug|Any CPU
		{A0A0523F-C90A-4FBA-9520-40F991FBDE2B}.Debug|Any CPU.Build.0 = Debug|Any CPU
		{A0A0523F-C90A-4FBA-9520-40F991FBDE2B}.Release|Any CPU.ActiveCfg = Release|Any CPU
		{A0A0523F-C90A-4FBA-9520-40F991FBDE2B}.Release|Any CPU.Build.0 = Release|Any CPU
	EndGlobalSection
	GlobalSection(SolutionProperties) = preSolution
		HideSolutionNode = FALSE
	EndGlobalSection
	GlobalSection(ExtensibilityGlobals) = postSolution
		SolutionGuid = {91E1C267-BEA7-4762-BA71-34D4CA2C0D5B}
	EndGlobalSection
EndGlobal
